// !$*UTF8*$!
{
	archiveVersion = 1;
	classes = {
	};
	objectVersion = 48;
	objects = {

/* Begin PBXBuildFile section */
		2D5470801FA681B000228403 /* AppDelegate.swift in Sources */ = {isa = PBXBuildFile; fileRef = 2D54707F1FA681B000228403 /* AppDelegate.swift */; };
		2D5470821FA681B000228403 /* Assets.xcassets in Resources */ = {isa = PBXBuildFile; fileRef = 2D5470811FA681B000228403 /* Assets.xcassets */; };
		2D5470851FA681B000228403 /* MainMenu.xib in Resources */ = {isa = PBXBuildFile; fileRef = 2D5470831FA681B000228403 /* MainMenu.xib */; };
		2D5470911FA681B000228403 /* WaveAppTests.swift in Sources */ = {isa = PBXBuildFile; fileRef = 2D5470901FA681B000228403 /* WaveAppTests.swift */; };
		2D54709F1FA6828500228403 /* Wave.swift in Sources */ = {isa = PBXBuildFile; fileRef = 2D54709E1FA6828500228403 /* Wave.swift */; };
		2D5470A01FA6828500228403 /* Wave.swift in Sources */ = {isa = PBXBuildFile; fileRef = 2D54709E1FA6828500228403 /* Wave.swift */; };
/* End PBXBuildFile section */

/* Begin PBXContainerItemProxy section */
		2D54708D1FA681B000228403 /* PBXContainerItemProxy */ = {
			isa = PBXContainerItemProxy;
			containerPortal = 2D5470601FA58C2800228403 /* Project object */;
			proxyType = 1;
			remoteGlobalIDString = 2D54707C1FA681B000228403;
			remoteInfo = WaveApp;
		};
/* End PBXContainerItemProxy section */

/* Begin PBXFileReference section */
		2D5470691FA58C2800228403 /* Wave.saver */ = {isa = PBXFileReference; explicitFileType = wrapper.cfbundle; includeInIndex = 0; path = Wave.saver; sourceTree = BUILT_PRODUCTS_DIR; };
		2D5470701FA58C2800228403 /* Info.plist */ = {isa = PBXFileReference; lastKnownFileType = text.plist.xml; path = Info.plist; sourceTree = "<group>"; };
		2D5470761FA59D0B00228403 /* Wave1-Bridging-Header.h */ = {isa = PBXFileReference; lastKnownFileType = sourcecode.c.h; path = "Wave1-Bridging-Header.h"; sourceTree = "<group>"; };
		2D54707D1FA681B000228403 /* WaveApp.app */ = {isa = PBXFileReference; explicitFileType = wrapper.application; includeInIndex = 0; path = WaveApp.app; sourceTree = BUILT_PRODUCTS_DIR; };
		2D54707F1FA681B000228403 /* AppDelegate.swift */ = {isa = PBXFileReference; lastKnownFileType = sourcecode.swift; path = AppDelegate.swift; sourceTree = "<group>"; };
		2D5470811FA681B000228403 /* Assets.xcassets */ = {isa = PBXFileReference; lastKnownFileType = folder.assetcatalog; path = Assets.xcassets; sourceTree = "<group>"; };
		2D5470841FA681B000228403 /* Base */ = {isa = PBXFileReference; lastKnownFileType = file.xib; name = Base; path = Base.lproj/MainMenu.xib; sourceTree = "<group>"; };
		2D5470861FA681B000228403 /* Info.plist */ = {isa = PBXFileReference; lastKnownFileType = text.plist.xml; path = Info.plist; sourceTree = "<group>"; };
		2D5470871FA681B000228403 /* WaveApp.entitlements */ = {isa = PBXFileReference; lastKnownFileType = text.plist.entitlements; path = WaveApp.entitlements; sourceTree = "<group>"; };
		2D54708C1FA681B000228403 /* WaveAppTests.xctest */ = {isa = PBXFileReference; explicitFileType = wrapper.cfbundle; includeInIndex = 0; path = WaveAppTests.xctest; sourceTree = BUILT_PRODUCTS_DIR; };
		2D5470901FA681B000228403 /* WaveAppTests.swift */ = {isa = PBXFileReference; lastKnownFileType = sourcecode.swift; path = WaveAppTests.swift; sourceTree = "<group>"; };
		2D5470921FA681B000228403 /* Info.plist */ = {isa = PBXFileReference; lastKnownFileType = text.plist.xml; path = Info.plist; sourceTree = "<group>"; };
		2D54709E1FA6828500228403 /* Wave.swift */ = {isa = PBXFileReference; fileEncoding = 4; lastKnownFileType = sourcecode.swift; path = Wave.swift; sourceTree = "<group>"; };
/* End PBXFileReference section */

/* Begin PBXFrameworksBuildPhase section */
		2D5470651FA58C2800228403 /* Frameworks */ = {
			isa = PBXFrameworksBuildPhase;
			buildActionMask = 2147483647;
			files = (
			);
			runOnlyForDeploymentPostprocessing = 0;
		};
		2D54707A1FA681B000228403 /* Frameworks */ = {
			isa = PBXFrameworksBuildPhase;
			buildActionMask = 2147483647;
			files = (
			);
			runOnlyForDeploymentPostprocessing = 0;
		};
		2D5470891FA681B000228403 /* Frameworks */ = {
			isa = PBXFrameworksBuildPhase;
			buildActionMask = 2147483647;
			files = (
			);
			runOnlyForDeploymentPostprocessing = 0;
		};
/* End PBXFrameworksBuildPhase section */

/* Begin PBXGroup section */
		2D54705F1FA58C2800228403 = {
			isa = PBXGroup;
			children = (
				2D54706B1FA58C2800228403 /* Wave */,
				2D54707E1FA681B000228403 /* WaveApp */,
				2D54708F1FA681B000228403 /* WaveAppTests */,
				2D54706A1FA58C2800228403 /* Products */,
				2D5470761FA59D0B00228403 /* Wave1-Bridging-Header.h */,
			);
			sourceTree = "<group>";
		};
		2D54706A1FA58C2800228403 /* Products */ = {
			isa = PBXGroup;
			children = (
				2D5470691FA58C2800228403 /* Wave.saver */,
				2D54707D1FA681B000228403 /* WaveApp.app */,
				2D54708C1FA681B000228403 /* WaveAppTests.xctest */,
			);
			name = Products;
			sourceTree = "<group>";
		};
		2D54706B1FA58C2800228403 /* Wave */ = {
			isa = PBXGroup;
			children = (
				2D5470701FA58C2800228403 /* Info.plist */,
			);
			path = Wave;
			sourceTree = "<group>";
		};
		2D54707E1FA681B000228403 /* WaveApp */ = {
			isa = PBXGroup;
			children = (
				2D54707F1FA681B000228403 /* AppDelegate.swift */,
				2D5470811FA681B000228403 /* Assets.xcassets */,
				2D5470831FA681B000228403 /* MainMenu.xib */,
				2D5470861FA681B000228403 /* Info.plist */,
				2D5470871FA681B000228403 /* WaveApp.entitlements */,
				2D54709D1FA6825700228403 /* Source */,
			);
			path = WaveApp;
			sourceTree = "<group>";
		};
		2D54708F1FA681B000228403 /* WaveAppTests */ = {
			isa = PBXGroup;
			children = (
				2D5470901FA681B000228403 /* WaveAppTests.swift */,
				2D5470921FA681B000228403 /* Info.plist */,
			);
			path = WaveAppTests;
			sourceTree = "<group>";
		};
		2D54709D1FA6825700228403 /* Source */ = {
			isa = PBXGroup;
			children = (
				2D54709E1FA6828500228403 /* Wave.swift */,
			);
			path = Source;
			sourceTree = "<group>";
		};
/* End PBXGroup section */

/* Begin PBXHeadersBuildPhase section */
		2D5470661FA58C2800228403 /* Headers */ = {
			isa = PBXHeadersBuildPhase;
			buildActionMask = 2147483647;
			files = (
			);
			runOnlyForDeploymentPostprocessing = 0;
		};
/* End PBXHeadersBuildPhase section */

/* Begin PBXNativeTarget section */
		2D5470681FA58C2800228403 /* Wave */ = {
			isa = PBXNativeTarget;
			buildConfigurationList = 2D5470731FA58C2800228403 /* Build configuration list for PBXNativeTarget "Wave" */;
			buildPhases = (
				2D5470641FA58C2800228403 /* Sources */,
				2D5470651FA58C2800228403 /* Frameworks */,
				2D5470661FA58C2800228403 /* Headers */,
				2D5470671FA58C2800228403 /* Resources */,
			);
			buildRules = (
			);
			dependencies = (
			);
			name = Wave;
			productName = Wave1;
			productReference = 2D5470691FA58C2800228403 /* Wave.saver */;
			productType = "com.apple.product-type.bundle";
		};
		2D54707C1FA681B000228403 /* WaveApp */ = {
			isa = PBXNativeTarget;
			buildConfigurationList = 2D5470931FA681B000228403 /* Build configuration list for PBXNativeTarget "WaveApp" */;
			buildPhases = (
				2D5470791FA681B000228403 /* Sources */,
				2D54707A1FA681B000228403 /* Frameworks */,
				2D54707B1FA681B000228403 /* Resources */,
			);
			buildRules = (
			);
			dependencies = (
			);
			name = WaveApp;
			productName = WaveApp;
			productReference = 2D54707D1FA681B000228403 /* WaveApp.app */;
			productType = "com.apple.product-type.application";
		};
		2D54708B1FA681B000228403 /* WaveAppTests */ = {
			isa = PBXNativeTarget;
			buildConfigurationList = 2D5470961FA681B000228403 /* Build configuration list for PBXNativeTarget "WaveAppTests" */;
			buildPhases = (
				2D5470881FA681B000228403 /* Sources */,
				2D5470891FA681B000228403 /* Frameworks */,
				2D54708A1FA681B000228403 /* Resources */,
			);
			buildRules = (
			);
			dependencies = (
				2D54708E1FA681B000228403 /* PBXTargetDependency */,
			);
			name = WaveAppTests;
			productName = WaveAppTests;
			productReference = 2D54708C1FA681B000228403 /* WaveAppTests.xctest */;
			productType = "com.apple.product-type.bundle.unit-test";
		};
/* End PBXNativeTarget section */

/* Begin PBXProject section */
		2D5470601FA58C2800228403 /* Project object */ = {
			isa = PBXProject;
			attributes = {
				LastSwiftUpdateCheck = 0900;
				LastUpgradeCheck = 0900;
				ORGANIZATIONNAME = johannmg;
				TargetAttributes = {
					2D5470681FA58C2800228403 = {
						CreatedOnToolsVersion = 9.0.1;
						LastSwiftMigration = 0900;
						ProvisioningStyle = Automatic;
					};
					2D54707C1FA681B000228403 = {
						CreatedOnToolsVersion = 9.0.1;
						ProvisioningStyle = Automatic;
					};
					2D54708B1FA681B000228403 = {
						CreatedOnToolsVersion = 9.0.1;
						ProvisioningStyle = Automatic;
						TestTargetID = 2D54707C1FA681B000228403;
					};
				};
			};
			buildConfigurationList = 2D5470631FA58C2800228403 /* Build configuration list for PBXProject "Wave" */;
			compatibilityVersion = "Xcode 8.0";
			developmentRegion = en;
			hasScannedForEncodings = 0;
			knownRegions = (
				en,
				Base,
			);
			mainGroup = 2D54705F1FA58C2800228403;
			productRefGroup = 2D54706A1FA58C2800228403 /* Products */;
			projectDirPath = "";
			projectRoot = "";
			targets = (
				2D5470681FA58C2800228403 /* Wave */,
				2D54707C1FA681B000228403 /* WaveApp */,
				2D54708B1FA681B000228403 /* WaveAppTests */,
			);
		};
/* End PBXProject section */

/* Begin PBXResourcesBuildPhase section */
		2D5470671FA58C2800228403 /* Resources */ = {
			isa = PBXResourcesBuildPhase;
			buildActionMask = 2147483647;
			files = (
			);
			runOnlyForDeploymentPostprocessing = 0;
		};
		2D54707B1FA681B000228403 /* Resources */ = {
			isa = PBXResourcesBuildPhase;
			buildActionMask = 2147483647;
			files = (
				2D5470821FA681B000228403 /* Assets.xcassets in Resources */,
				2D5470851FA681B000228403 /* MainMenu.xib in Resources */,
			);
			runOnlyForDeploymentPostprocessing = 0;
		};
		2D54708A1FA681B000228403 /* Resources */ = {
			isa = PBXResourcesBuildPhase;
			buildActionMask = 2147483647;
			files = (
			);
			runOnlyForDeploymentPostprocessing = 0;
		};
/* End PBXResourcesBuildPhase section */

/* Begin PBXSourcesBuildPhase section */
		2D5470641FA58C2800228403 /* Sources */ = {
			isa = PBXSourcesBuildPhase;
			buildActionMask = 2147483647;
			files = (
				2D54709F1FA6828500228403 /* Wave.swift in Sources */,
			);
			runOnlyForDeploymentPostprocessing = 0;
		};
		2D5470791FA681B000228403 /* Sources */ = {
			isa = PBXSourcesBuildPhase;
			buildActionMask = 2147483647;
			files = (
				2D5470A01FA6828500228403 /* Wave.swift in Sources */,
				2D5470801FA681B000228403 /* AppDelegate.swift in Sources */,
			);
			runOnlyForDeploymentPostprocessing = 0;
		};
		2D5470881FA681B000228403 /* Sources */ = {
			isa = PBXSourcesBuildPhase;
			buildActionMask = 2147483647;
			files = (
				2D5470911FA681B000228403 /* WaveAppTests.swift in Sources */,
			);
			runOnlyForDeploymentPostprocessing = 0;
		};
/* End PBXSourcesBuildPhase section */

/* Begin PBXTargetDependency section */
		2D54708E1FA681B000228403 /* PBXTargetDependency */ = {
			isa = PBXTargetDependency;
			target = 2D54707C1FA681B000228403 /* WaveApp */;
			targetProxy = 2D54708D1FA681B000228403 /* PBXContainerItemProxy */;
		};
/* End PBXTargetDependency section */

/* Begin PBXVariantGroup section */
		2D5470831FA681B000228403 /* MainMenu.xib */ = {
			isa = PBXVariantGroup;
			children = (
				2D5470841FA681B000228403 /* Base */,
			);
			name = MainMenu.xib;
			sourceTree = "<group>";
		};
/* End PBXVariantGroup section */

/* Begin XCBuildConfiguration section */
		2D5470711FA58C2800228403 /* Debug */ = {
			isa = XCBuildConfiguration;
			buildSettings = {
				ALWAYS_SEARCH_USER_PATHS = NO;
				CLANG_ANALYZER_NONNULL = YES;
				CLANG_ANALYZER_NUMBER_OBJECT_CONVERSION = YES_AGGRESSIVE;
				CLANG_CXX_LANGUAGE_STANDARD = "gnu++14";
				CLANG_CXX_LIBRARY = "libc++";
				CLANG_ENABLE_MODULES = YES;
				CLANG_ENABLE_OBJC_ARC = YES;
				CLANG_WARN_BLOCK_CAPTURE_AUTORELEASING = YES;
				CLANG_WARN_BOOL_CONVERSION = YES;
				CLANG_WARN_COMMA = YES;
				CLANG_WARN_CONSTANT_CONVERSION = YES;
				CLANG_WARN_DIRECT_OBJC_ISA_USAGE = YES_ERROR;
				CLANG_WARN_DOCUMENTATION_COMMENTS = YES;
				CLANG_WARN_EMPTY_BODY = YES;
				CLANG_WARN_ENUM_CONVERSION = YES;
				CLANG_WARN_INFINITE_RECURSION = YES;
				CLANG_WARN_INT_CONVERSION = YES;
				CLANG_WARN_NON_LITERAL_NULL_CONVERSION = YES;
				CLANG_WARN_OBJC_LITERAL_CONVERSION = YES;
				CLANG_WARN_OBJC_ROOT_CLASS = YES_ERROR;
				CLANG_WARN_RANGE_LOOP_ANALYSIS = YES;
				CLANG_WARN_STRICT_PROTOTYPES = YES;
				CLANG_WARN_SUSPICIOUS_MOVE = YES;
				CLANG_WARN_UNGUARDED_AVAILABILITY = YES_AGGRESSIVE;
				CLANG_WARN_UNREACHABLE_CODE = YES;
				CLANG_WARN__DUPLICATE_METHOD_MATCH = YES;
				CODE_SIGN_IDENTITY = "Mac Developer";
				COPY_PHASE_STRIP = NO;
				DEBUG_INFORMATION_FORMAT = dwarf;
				ENABLE_STRICT_OBJC_MSGSEND = YES;
				ENABLE_TESTABILITY = YES;
				GCC_C_LANGUAGE_STANDARD = gnu11;
				GCC_DYNAMIC_NO_PIC = NO;
				GCC_NO_COMMON_BLOCKS = YES;
				GCC_OPTIMIZATION_LEVEL = 0;
				GCC_PREPROCESSOR_DEFINITIONS = (
					"DEBUG=1",
					"$(inherited)",
				);
				GCC_WARN_64_TO_32_BIT_CONVERSION = YES;
				GCC_WARN_ABOUT_RETURN_TYPE = YES_ERROR;
				GCC_WARN_UNDECLARED_SELECTOR = YES;
				GCC_WARN_UNINITIALIZED_AUTOS = YES_AGGRESSIVE;
				GCC_WARN_UNUSED_FUNCTION = YES;
				GCC_WARN_UNUSED_VARIABLE = YES;
				MACOSX_DEPLOYMENT_TARGET = 10.12;
				MTL_ENABLE_DEBUG_INFO = YES;
				ONLY_ACTIVE_ARCH = YES;
				SDKROOT = macosx;
			};
			name = Debug;
		};
		2D5470721FA58C2800228403 /* Release */ = {
			isa = XCBuildConfiguration;
			buildSettings = {
				ALWAYS_SEARCH_USER_PATHS = NO;
				CLANG_ANALYZER_NONNULL = YES;
				CLANG_ANALYZER_NUMBER_OBJECT_CONVERSION = YES_AGGRESSIVE;
				CLANG_CXX_LANGUAGE_STANDARD = "gnu++14";
				CLANG_CXX_LIBRARY = "libc++";
				CLANG_ENABLE_MODULES = YES;
				CLANG_ENABLE_OBJC_ARC = YES;
				CLANG_WARN_BLOCK_CAPTURE_AUTORELEASING = YES;
				CLANG_WARN_BOOL_CONVERSION = YES;
				CLANG_WARN_COMMA = YES;
				CLANG_WARN_CONSTANT_CONVERSION = YES;
				CLANG_WARN_DIRECT_OBJC_ISA_USAGE = YES_ERROR;
				CLANG_WARN_DOCUMENTATION_COMMENTS = YES;
				CLANG_WARN_EMPTY_BODY = YES;
				CLANG_WARN_ENUM_CONVERSION = YES;
				CLANG_WARN_INFINITE_RECURSION = YES;
				CLANG_WARN_INT_CONVERSION = YES;
				CLANG_WARN_NON_LITERAL_NULL_CONVERSION = YES;
				CLANG_WARN_OBJC_LITERAL_CONVERSION = YES;
				CLANG_WARN_OBJC_ROOT_CLASS = YES_ERROR;
				CLANG_WARN_RANGE_LOOP_ANALYSIS = YES;
				CLANG_WARN_STRICT_PROTOTYPES = YES;
				CLANG_WARN_SUSPICIOUS_MOVE = YES;
				CLANG_WARN_UNGUARDED_AVAILABILITY = YES_AGGRESSIVE;
				CLANG_WARN_UNREACHABLE_CODE = YES;
				CLANG_WARN__DUPLICATE_METHOD_MATCH = YES;
				CODE_SIGN_IDENTITY = "Mac Developer";
				COPY_PHASE_STRIP = NO;
				DEBUG_INFORMATION_FORMAT = "dwarf-with-dsym";
				ENABLE_NS_ASSERTIONS = NO;
				ENABLE_STRICT_OBJC_MSGSEND = YES;
				GCC_C_LANGUAGE_STANDARD = gnu11;
				GCC_NO_COMMON_BLOCKS = YES;
				GCC_WARN_64_TO_32_BIT_CONVERSION = YES;
				GCC_WARN_ABOUT_RETURN_TYPE = YES_ERROR;
				GCC_WARN_UNDECLARED_SELECTOR = YES;
				GCC_WARN_UNINITIALIZED_AUTOS = YES_AGGRESSIVE;
				GCC_WARN_UNUSED_FUNCTION = YES;
				GCC_WARN_UNUSED_VARIABLE = YES;
				MACOSX_DEPLOYMENT_TARGET = 10.12;
				MTL_ENABLE_DEBUG_INFO = NO;
				SDKROOT = macosx;
			};
			name = Release;
		};
		2D5470741FA58C2800228403 /* Debug */ = {
			isa = XCBuildConfiguration;
			buildSettings = {
				ALWAYS_EMBED_SWIFT_STANDARD_LIBRARIES = YES;
				CLANG_ENABLE_MODULES = YES;
				CODE_SIGN_STYLE = Automatic;
				COMBINE_HIDPI_IMAGES = YES;
				DEVELOPMENT_TEAM = 669DAFDR74;
				INFOPLIST_FILE = Wave/Info.plist;
				INSTALL_PATH = "$(HOME)/Library/Screen Savers";
				LD_RUNPATH_SEARCH_PATHS = "$(inherited) @executable_path/../Frameworks @loader_path/../Frameworks";
				PRODUCT_BUNDLE_IDENTIFIER = com.johannmg.Wave1;
				PRODUCT_NAME = "$(TARGET_NAME)";
				SWIFT_OBJC_BRIDGING_HEADER = "Wave1-Bridging-Header.h";
				SWIFT_OPTIMIZATION_LEVEL = "-Onone";
				SWIFT_VERSION = 4.0;
				WRAPPER_EXTENSION = saver;
			};
			name = Debug;
		};
		2D5470751FA58C2800228403 /* Release */ = {
			isa = XCBuildConfiguration;
			buildSettings = {
				ALWAYS_EMBED_SWIFT_STANDARD_LIBRARIES = YES;
				CLANG_ENABLE_MODULES = YES;
				CODE_SIGN_STYLE = Automatic;
				COMBINE_HIDPI_IMAGES = YES;
				DEVELOPMENT_TEAM = 669DAFDR74;
				INFOPLIST_FILE = Wave/Info.plist;
				INSTALL_PATH = "$(HOME)/Library/Screen Savers";
				LD_RUNPATH_SEARCH_PATHS = "$(inherited) @executable_path/../Frameworks @loader_path/../Frameworks";
				PRODUCT_BUNDLE_IDENTIFIER = com.johannmg.Wave1;
				PRODUCT_NAME = "$(TARGET_NAME)";
				SWIFT_OBJC_BRIDGING_HEADER = "Wave1-Bridging-Header.h";
				SWIFT_VERSION = 4.0;
				WRAPPER_EXTENSION = saver;
			};
			name = Release;
		};
		2D5470941FA681B000228403 /* Debug */ = {
			isa = XCBuildConfiguration;
			buildSettings = {
				ASSETCATALOG_COMPILER_APPICON_NAME = AppIcon;
				CODE_SIGN_ENTITLEMENTS = WaveApp/WaveApp.entitlements;
				CODE_SIGN_STYLE = Automatic;
				COMBINE_HIDPI_IMAGES = YES;
				DEVELOPMENT_TEAM = 669DAFDR74;
				INFOPLIST_FILE = WaveApp/Info.plist;
				LD_RUNPATH_SEARCH_PATHS = "$(inherited) @executable_path/../Frameworks";
				PRODUCT_BUNDLE_IDENTIFIER = com.johannmg.WaveApp;
				PRODUCT_NAME = "$(TARGET_NAME)";
				SWIFT_ACTIVE_COMPILATION_CONDITIONS = DEBUG;
				SWIFT_OPTIMIZATION_LEVEL = "-Onone";
				SWIFT_VERSION = 4.0;
			};
			name = Debug;
		};
		2D5470951FA681B000228403 /* Release */ = {
			isa = XCBuildConfiguration;
			buildSettings = {
				ASSETCATALOG_COMPILER_APPICON_NAME = AppIcon;
				CODE_SIGN_ENTITLEMENTS = WaveApp/WaveApp.entitlements;
				CODE_SIGN_STYLE = Automatic;
				COMBINE_HIDPI_IMAGES = YES;
				DEVELOPMENT_TEAM = 669DAFDR74;
				INFOPLIST_FILE = WaveApp/Info.plist;
				LD_RUNPATH_SEARCH_PATHS = "$(inherited) @executable_path/../Frameworks";
				PRODUCT_BUNDLE_IDENTIFIER = com.johannmg.WaveApp;
				PRODUCT_NAME = "$(TARGET_NAME)";
				SWIFT_OPTIMIZATION_LEVEL = "-Owholemodule";
				SWIFT_VERSION = 4.0;
			};
			name = Release;
		};
		2D5470971FA681B000228403 /* Debug */ = {
			isa = XCBuildConfiguration;
			buildSettings = {
				ALWAYS_EMBED_SWIFT_STANDARD_LIBRARIES = YES;
				BUNDLE_LOADER = "$(TEST_HOST)";
				CODE_SIGN_STYLE = Automatic;
				COMBINE_HIDPI_IMAGES = YES;
				DEVELOPMENT_TEAM = 669DAFDR74;
				INFOPLIST_FILE = WaveAppTests/Info.plist;
				LD_RUNPATH_SEARCH_PATHS = "$(inherited) @executable_path/../Frameworks @loader_path/../Frameworks";
				PRODUCT_BUNDLE_IDENTIFIER = com.johannmg.WaveAppTests;
				PRODUCT_NAME = "$(TARGET_NAME)";
				SWIFT_ACTIVE_COMPILATION_CONDITIONS = DEBUG;
				SWIFT_OPTIMIZATION_LEVEL = "-Onone";
				SWIFT_VERSION = 4.0;
				TEST_HOST = "$(BUILT_PRODUCTS_DIR)/WaveApp.app/Contents/MacOS/WaveApp";
			};
			name = Debug;
		};
		2D5470981FA681B000228403 /* Release */ = {
			isa = XCBuildConfiguration;
			buildSettings = {
				ALWAYS_EMBED_SWIFT_STANDARD_LIBRARIES = YES;
				BUNDLE_LOADER = "$(TEST_HOST)";
				CODE_SIGN_STYLE = Automatic;
				COMBINE_HIDPI_IMAGES = YES;
				DEVELOPMENT_TEAM = 669DAFDR74;
				INFOPLIST_FILE = WaveAppTests/Info.plist;
				LD_RUNPATH_SEARCH_PATHS = "$(inherited) @executable_path/../Frameworks @loader_path/../Frameworks";
				PRODUCT_BUNDLE_IDENTIFIER = com.johannmg.WaveAppTests;
				PRODUCT_NAME = "$(TARGET_NAME)";
				SWIFT_OPTIMIZATION_LEVEL = "-Owholemodule";
				SWIFT_VERSION = 4.0;
				TEST_HOST = "$(BUILT_PRODUCTS_DIR)/WaveApp.app/Contents/MacOS/WaveApp";
			};
			name = Release;
		};
/* End XCBuildConfiguration section */

/* Begin XCConfigurationList section */
		2D5470631FA58C2800228403 /* Build configuration list for PBXProject "Wave" */ = {
			isa = XCConfigurationList;
			buildConfigurations = (
				2D5470711FA58C2800228403 /* Debug */,
				2D5470721FA58C2800228403 /* Release */,
			);
			defaultConfigurationIsVisible = 0;
			defaultConfigurationName = Release;
		};
		2D5470731FA58C2800228403 /* Build configuration list for PBXNativeTarget "Wave" */ = {
			isa = XCConfigurationList;
			buildConfigurations = (
				2D5470741FA58C2800228403 /* Debug */,
				2D5470751FA58C2800228403 /* Release */,
			);
			defaultConfigurationIsVisible = 0;
			defaultConfigurationName = Release;
		};
		2D5470931FA681B000228403 /* Build configuration list for PBXNativeTarget "WaveApp" */ = {
			isa = XCConfigurationList;
			buildConfigurations = (
				2D5470941FA681B000228403 /* Debug */,
				2D5470951FA681B000228403 /* Release */,
			);
			defaultConfigurationIsVisible = 0;
			defaultConfigurationName = Release;
		};
		2D5470961FA681B000228403 /* Build configuration list for PBXNativeTarget "WaveAppTests" */ = {
			isa = XCConfigurationList;
			buildConfigurations = (
				2D5470971FA681B000228403 /* Debug */,
				2D5470981FA681B000228403 /* Release */,
			);
			defaultConfigurationIsVisible = 0;
			defaultConfigurationName = Release;
		};
/* End XCConfigurationList section */
	};
	rootObject = 2D5470601FA58C2800228403 /* Project object */;
}
